
Microsoft Visual Studio Solution File, Format Version 12.00
# Visual Studio Version 16
VisualStudioVersion = 16.0.30330.147
MinimumVisualStudioVersion = 10.0.40219.1
Project("{FAE04EC0-301F-11D3-BF4B-00C04F79EFBC}") = "ProfileViewer", "ProfileViewer\ProfileViewer.csproj", "{4602CA2E-20A0-483A-BF91-DB0B2087909F}"
EndProject
Global
	GlobalSection(SolutionConfigurationPlatforms) = preSolution
		Debug|Any CPU = Debug|Any CPU
		Release|Any CPU = Release|Any CPU
	EndGlobalSection
	GlobalSection(ProjectConfigurationPlatforms) = postSolution
		{4602CA2E-20A0-483A-BF91-DB0B2087909F}.Debug|Any CPU.ActiveCfg = Debug|Any CPU
		{4602CA2E-20A0-483A-BF91-DB0B2087909F}.Debug|Any CPU.Build.0 = Debug|Any CPU
		{4602CA2E-20A0-483A-BF91-DB0B2087909F}.Release|Any CPU.ActiveCfg = Release|Any CPU
		{4602CA2E-20A0-483A-BF91-DB0B2087909F}.Release|Any CPU.Build.0 = Release|Any CPU
	EndGlobalSection
	GlobalSection(SolutionProperties) = preSolution
		HideSolutionNode = FALSE
	EndGlobalSection
	GlobalSection(ExtensibilityGlobals) = postSolution
		SolutionGuid = {2194FA14-1BA3-47C0-B842-4E0F62E2B334}
	EndGlobalSection
EndGlobal
